
Microsoft Visual Studio Solution File, Format Version 12.00
# Visual Studio 14
VisualStudioVersion = 14.0.23107.0
MinimumVisualStudioVersion = 10.0.40219.1
Project("{2150E333-8FDC-42A3-9474-1A3956D46DE8}") = "Bay-Core", "Bay-Core", "{A7CD7C78-B2DA-4F4B-BFA6-A878CD33924C}"
EndProject
Project("{FAE04EC0-301F-11D3-BF4B-00C04F79EFBC}") = "Bayetech.DAL", "Bayetech.DAL\Bayetech.DAL.csproj", "{8742E37F-2ADE-47DE-B427-36B80E2B3C83}"
EndProject
Project("{FAE04EC0-301F-11D3-BF4B-00C04F79EFBC}") = "Bayetech.Service", "Bayetech.Service\Bayetech.Service.csproj", "{3EF73D1B-5A98-4C22-BCC5-C353D7E90EC2}"
EndProject
Project("{FAE04EC0-301F-11D3-BF4B-00C04F79EFBC}") = "Bayetech.Core", "Bayetech.Core\Bayetech.Core.csproj", "{4E2C8415-4C83-4096-B003-06B5ED5BB79B}"
EndProject
Project("{FAE04EC0-301F-11D3-BF4B-00C04F79EFBC}") = "Bayetech.Web", "Bayetech.Web\Bayetech.Web.csproj", "{43950B69-5111-4A1D-9E43-041BD8E2A85B}"
EndProject
Project("{2150E333-8FDC-42A3-9474-1A3956D46DE8}") = "页面完成度", "页面完成度", "{B74CE2E2-109D-40A2-9276-05C072AD0CC1}"
	ProjectSection(SolutionItems) = preProject
		代码规范.txt = 代码规范.txt
		C:\Users\zhaoyz5\Desktop\可重画的页面.docx = C:\Users\zhaoyz5\Desktop\可重画的页面.docx
	EndProjectSection
EndProject
Project("{FAE04EC0-301F-11D3-BF4B-00C04F79EFBC}") = "Bayetech.Admin", "Bayetech.Admin\Bayetech.Admin.csproj", "{D8F4EF4A-C361-480E-A3B7-C63304E82D6D}"
EndProject
Project("{FAE04EC0-301F-11D3-BF4B-00C04F79EFBC}") = "Bayetech.WorkFlow", "BayetechWorkFlow\Bayetech.WorkFlow.csproj", "{7181AF72-3D63-40E0-8418-0D9E40D77914}"
EndProject
Project("{FAE04EC0-301F-11D3-BF4B-00C04F79EFBC}") = "Host", "Host\Host.csproj", "{F6610131-5903-4C2F-AE56-CBCFC4305CE9}"
EndProject
Project("{FAE04EC0-301F-11D3-BF4B-00C04F79EFBC}") = "TestForm", "TestForm\TestForm.csproj", "{4121BCD7-3581-42E4-A205-1804440CDEA7}"
EndProject
Project("{FAE04EC0-301F-11D3-BF4B-00C04F79EFBC}") = "Bayetech.Mobile", "Bayetech.Mobile\Bayetech.Mobile.csproj", "{C8E4CF00-06F8-4B48-9CE3-8FF1B4110245}"
EndProject
Project("{E24C65DC-7377-472B-9ABA-BC803B73C61A}") = "Bayetech.App", "Bayetech.App\", "{F614C25F-40C2-44A3-AD70-C6FB7C1D8238}"
	ProjectSection(WebsiteProperties) = preProject
		TargetFrameworkMoniker = ".NETFramework,Version%3Dv4.0"
		Debug.AspNetCompiler.VirtualPath = "/localhost_47425"
		Debug.AspNetCompiler.PhysicalPath = "Bayetech.App\"
		Debug.AspNetCompiler.TargetPath = "PrecompiledWeb\localhost_47425\"
		Debug.AspNetCompiler.Updateable = "true"
		Debug.AspNetCompiler.ForceOverwrite = "true"
		Debug.AspNetCompiler.FixedNames = "false"
		Debug.AspNetCompiler.Debug = "True"
		Release.AspNetCompiler.VirtualPath = "/localhost_47425"
		Release.AspNetCompiler.PhysicalPath = "Bayetech.App\"
		Release.AspNetCompiler.TargetPath = "PrecompiledWeb\localhost_47425\"
		Release.AspNetCompiler.Updateable = "true"
		Release.AspNetCompiler.ForceOverwrite = "true"
		Release.AspNetCompiler.FixedNames = "false"
		Release.AspNetCompiler.Debug = "False"
		VWDPort = "47425"
		SlnRelativePath = "Bayetech.App\"
	EndProjectSection
EndProject
Global
	GlobalSection(SolutionConfigurationPlatforms) = preSolution
		Debug|Any CPU = Debug|Any CPU
		Release|Any CPU = Release|Any CPU
	EndGlobalSection
	GlobalSection(ProjectConfigurationPlatforms) = postSolution
		{8742E37F-2ADE-47DE-B427-36B80E2B3C83}.Debug|Any CPU.ActiveCfg = Debug|Any CPU
		{8742E37F-2ADE-47DE-B427-36B80E2B3C83}.Debug|Any CPU.Build.0 = Debug|Any CPU
		{8742E37F-2ADE-47DE-B427-36B80E2B3C83}.Release|Any CPU.ActiveCfg = Release|Any CPU
		{8742E37F-2ADE-47DE-B427-36B80E2B3C83}.Release|Any CPU.Build.0 = Release|Any CPU
		{3EF73D1B-5A98-4C22-BCC5-C353D7E90EC2}.Debug|Any CPU.ActiveCfg = Debug|Any CPU
		{3EF73D1B-5A98-4C22-BCC5-C353D7E90EC2}.Debug|Any CPU.Build.0 = Debug|Any CPU
		{3EF73D1B-5A98-4C22-BCC5-C353D7E90EC2}.Release|Any CPU.ActiveCfg = Release|Any CPU
		{3EF73D1B-5A98-4C22-BCC5-C353D7E90EC2}.Release|Any CPU.Build.0 = Release|Any CPU
		{4E2C8415-4C83-4096-B003-06B5ED5BB79B}.Debug|Any CPU.ActiveCfg = Debug|Any CPU
		{4E2C8415-4C83-4096-B003-06B5ED5BB79B}.Debug|Any CPU.Build.0 = Debug|Any CPU
		{4E2C8415-4C83-4096-B003-06B5ED5BB79B}.Release|Any CPU.ActiveCfg = Release|Any CPU
		{4E2C8415-4C83-4096-B003-06B5ED5BB79B}.Release|Any CPU.Build.0 = Release|Any CPU
		{43950B69-5111-4A1D-9E43-041BD8E2A85B}.Debug|Any CPU.ActiveCfg = Debug|Any CPU
		{43950B69-5111-4A1D-9E43-041BD8E2A85B}.Debug|Any CPU.Build.0 = Debug|Any CPU
		{43950B69-5111-4A1D-9E43-041BD8E2A85B}.Release|Any CPU.ActiveCfg = Release|Any CPU
		{43950B69-5111-4A1D-9E43-041BD8E2A85B}.Release|Any CPU.Build.0 = Release|Any CPU
		{D8F4EF4A-C361-480E-A3B7-C63304E82D6D}.Debug|Any CPU.ActiveCfg = Debug|Any CPU
		{D8F4EF4A-C361-480E-A3B7-C63304E82D6D}.Debug|Any CPU.Build.0 = Debug|Any CPU
		{D8F4EF4A-C361-480E-A3B7-C63304E82D6D}.Release|Any CPU.ActiveCfg = Release|Any CPU
		{D8F4EF4A-C361-480E-A3B7-C63304E82D6D}.Release|Any CPU.Build.0 = Release|Any CPU
		{7181AF72-3D63-40E0-8418-0D9E40D77914}.Debug|Any CPU.ActiveCfg = Debug|Any CPU
		{7181AF72-3D63-40E0-8418-0D9E40D77914}.Debug|Any CPU.Build.0 = Debug|Any CPU
		{7181AF72-3D63-40E0-8418-0D9E40D77914}.Release|Any CPU.ActiveCfg = Release|Any CPU
		{7181AF72-3D63-40E0-8418-0D9E40D77914}.Release|Any CPU.Build.0 = Release|Any CPU
		{F6610131-5903-4C2F-AE56-CBCFC4305CE9}.Debug|Any CPU.ActiveCfg = Debug|Any CPU
		{F6610131-5903-4C2F-AE56-CBCFC4305CE9}.Debug|Any CPU.Build.0 = Debug|Any CPU
		{F6610131-5903-4C2F-AE56-CBCFC4305CE9}.Release|Any CPU.ActiveCfg = Release|Any CPU
		{F6610131-5903-4C2F-AE56-CBCFC4305CE9}.Release|Any CPU.Build.0 = Release|Any CPU
		{4121BCD7-3581-42E4-A205-1804440CDEA7}.Debug|Any CPU.ActiveCfg = Debug|Any CPU
		{4121BCD7-3581-42E4-A205-1804440CDEA7}.Debug|Any CPU.Build.0 = Debug|Any CPU
		{4121BCD7-3581-42E4-A205-1804440CDEA7}.Release|Any CPU.ActiveCfg = Release|Any CPU
		{4121BCD7-3581-42E4-A205-1804440CDEA7}.Release|Any CPU.Build.0 = Release|Any CPU
		{C8E4CF00-06F8-4B48-9CE3-8FF1B4110245}.Debug|Any CPU.ActiveCfg = Debug|Any CPU
		{C8E4CF00-06F8-4B48-9CE3-8FF1B4110245}.Debug|Any CPU.Build.0 = Debug|Any CPU
		{C8E4CF00-06F8-4B48-9CE3-8FF1B4110245}.Release|Any CPU.ActiveCfg = Release|Any CPU
		{C8E4CF00-06F8-4B48-9CE3-8FF1B4110245}.Release|Any CPU.Build.0 = Release|Any CPU
		{F614C25F-40C2-44A3-AD70-C6FB7C1D8238}.Debug|Any CPU.ActiveCfg = Debug|Any CPU
		{F614C25F-40C2-44A3-AD70-C6FB7C1D8238}.Debug|Any CPU.Build.0 = Debug|Any CPU
		{F614C25F-40C2-44A3-AD70-C6FB7C1D8238}.Release|Any CPU.ActiveCfg = Debug|Any CPU
		{F614C25F-40C2-44A3-AD70-C6FB7C1D8238}.Release|Any CPU.Build.0 = Debug|Any CPU
	EndGlobalSection
	GlobalSection(SolutionProperties) = preSolution
		HideSolutionNode = FALSE
	EndGlobalSection
	GlobalSection(NestedProjects) = preSolution
		{8742E37F-2ADE-47DE-B427-36B80E2B3C83} = {A7CD7C78-B2DA-4F4B-BFA6-A878CD33924C}
		{4E2C8415-4C83-4096-B003-06B5ED5BB79B} = {A7CD7C78-B2DA-4F4B-BFA6-A878CD33924C}
		{7181AF72-3D63-40E0-8418-0D9E40D77914} = {A7CD7C78-B2DA-4F4B-BFA6-A878CD33924C}
		{F6610131-5903-4C2F-AE56-CBCFC4305CE9} = {A7CD7C78-B2DA-4F4B-BFA6-A878CD33924C}
		{4121BCD7-3581-42E4-A205-1804440CDEA7} = {A7CD7C78-B2DA-4F4B-BFA6-A878CD33924C}
	EndGlobalSection
	GlobalSection(ExtensibilityGlobals) = postSolution
		SolutionGuid = {58ADDAF6-3783-4040-9E5C-854B3876C68B}
	EndGlobalSection
EndGlobal
